
Microsoft Visual Studio Solution File, Format Version 12.00
# Visual Studio Version 16
VisualStudioVersion = 16.0.30621.155
MinimumVisualStudioVersion = 10.0.40219.1
Project("{FAE04EC0-301F-11D3-BF4B-00C04F79EFBC}") = "OrderSystem", "OrderSystem.csproj", "{9974B5BF-5F5D-459A-9D69-2BE06C51DAC1}"
EndProject
Global
	GlobalSection(SolutionConfigurationPlatforms) = preSolution
		Debug|Any CPU = Debug|Any CPU
		Debug|x64 = Debug|x64
		Debug|x86 = Debug|x86
		Release|Any CPU = Release|Any CPU
		Release|x64 = Release|x64
		Release|x86 = Release|x86
	EndGlobalSection
	GlobalSection(ProjectConfigurationPlatforms) = postSolution
		{9974B5BF-5F5D-459A-9D69-2BE06C51DAC1}.Debug|Any CPU.ActiveCfg = Debug|Any CPU
		{9974B5BF-5F5D-459A-9D69-2BE06C51DAC1}.Debug|Any CPU.Build.0 = Debug|Any CPU
		{9974B5BF-5F5D-459A-9D69-2BE06C51DAC1}.Debug|x64.ActiveCfg = Debug|Any CPU
		{9974B5BF-5F5D-459A-9D69-2BE06C51DAC1}.Debug|x64.Build.0 = Debug|Any CPU
		{9974B5BF-5F5D-459A-9D69-2BE06C51DAC1}.Debug|x86.ActiveCfg = Debug|Any CPU
		{9974B5BF-5F5D-459A-9D69-2BE06C51DAC1}.Debug|x86.Build.0 = Debug|Any CPU
		{9974B5BF-5F5D-459A-9D69-2BE06C51DAC1}.Release|Any CPU.ActiveCfg = Release|Any CPU
		{9974B5BF-5F5D-459A-9D69-2BE06C51DAC1}.Release|Any CPU.Build.0 = Release|Any CPU
		{9974B5BF-5F5D-459A-9D69-2BE06C51DAC1}.Release|x64.ActiveCfg = Release|Any CPU
		{9974B5BF-5F5D-459A-9D69-2BE06C51DAC1}.Release|x64.Build.0 = Release|Any CPU
		{9974B5BF-5F5D-459A-9D69-2BE06C51DAC1}.Release|x86.ActiveCfg = Release|Any CPU
		{9974B5BF-5F5D-459A-9D69-2BE06C51DAC1}.Release|x86.Build.0 = Release|Any CPU
	EndGlobalSection
	GlobalSection(SolutionProperties) = preSolution
		HideSolutionNode = FALSE
	EndGlobalSection
	GlobalSection(ExtensibilityGlobals) = postSolution
		SolutionGuid = {84448623-91D4-456B-A621-3E65274DBFA1}
	EndGlobalSection
EndGlobal
